
Microsoft Visual Studio Solution File, Format Version 12.00
# Visual Studio Version 17
VisualStudioVersion = 17.5.33502.453
MinimumVisualStudioVersion = 10.0.40219.1
Project("{FAE04EC0-301F-11D3-BF4B-00C04F79EFBC}") = "Lucas_Daran - Parcial 2", "Lucas_Daran - Parcial 2\Lucas_Daran - Parcial 2.csproj", "{6EC29F9F-C2E4-4300-B567-F8E77B175DDD}"
EndProject
Global
	GlobalSection(SolutionConfigurationPlatforms) = preSolution
		Debug|Any CPU = Debug|Any CPU
		Release|Any CPU = Release|Any CPU
	EndGlobalSection
	GlobalSection(ProjectConfigurationPlatforms) = postSolution
		{6EC29F9F-C2E4-4300-B567-F8E77B175DDD}.Debug|Any CPU.ActiveCfg = Debug|Any CPU
		{6EC29F9F-C2E4-4300-B567-F8E77B175DDD}.Debug|Any CPU.Build.0 = Debug|Any CPU
		{6EC29F9F-C2E4-4300-B567-F8E77B175DDD}.Release|Any CPU.ActiveCfg = Release|Any CPU
		{6EC29F9F-C2E4-4300-B567-F8E77B175DDD}.Release|Any CPU.Build.0 = Release|Any CPU
	EndGlobalSection
	GlobalSection(SolutionProperties) = preSolution
		HideSolutionNode = FALSE
	EndGlobalSection
	GlobalSection(ExtensibilityGlobals) = postSolution
		SolutionGuid = {BD60FD0D-259F-45E1-A83F-BB294952F1C5}
	EndGlobalSection
EndGlobal
